
Microsoft Visual Studio Solution File, Format Version 12.00
# Visual Studio 15
VisualStudioVersion = 15.0.26124.0
MinimumVisualStudioVersion = 15.0.26124.0
Project("{F2A71F9B-5D33-465A-A702-920D77279786}") = "ReportRepair", "ReportRepair\ReportRepair.fsproj", "{B6DF64C0-91FB-4F7D-847E-48FF256F8D60}"
EndProject
Project("{F2A71F9B-5D33-465A-A702-920D77279786}") = "ReportRepair.Tests", "ReportRepair.Tests\ReportRepair.Tests.fsproj", "{6B063620-252C-498D-A4E7-AA6843DCBF20}"
EndProject
Global
	GlobalSection(SolutionConfigurationPlatforms) = preSolution
		Debug|Any CPU = Debug|Any CPU
		Debug|x64 = Debug|x64
		Debug|x86 = Debug|x86
		Release|Any CPU = Release|Any CPU
		Release|x64 = Release|x64
		Release|x86 = Release|x86
	EndGlobalSection
	GlobalSection(SolutionProperties) = preSolution
		HideSolutionNode = FALSE
	EndGlobalSection
	GlobalSection(ProjectConfigurationPlatforms) = postSolution
		{B6DF64C0-91FB-4F7D-847E-48FF256F8D60}.Debug|Any CPU.ActiveCfg = Debug|Any CPU
		{B6DF64C0-91FB-4F7D-847E-48FF256F8D60}.Debug|Any CPU.Build.0 = Debug|Any CPU
		{B6DF64C0-91FB-4F7D-847E-48FF256F8D60}.Debug|x64.ActiveCfg = Debug|Any CPU
		{B6DF64C0-91FB-4F7D-847E-48FF256F8D60}.Debug|x64.Build.0 = Debug|Any CPU
		{B6DF64C0-91FB-4F7D-847E-48FF256F8D60}.Debug|x86.ActiveCfg = Debug|Any CPU
		{B6DF64C0-91FB-4F7D-847E-48FF256F8D60}.Debug|x86.Build.0 = Debug|Any CPU
		{B6DF64C0-91FB-4F7D-847E-48FF256F8D60}.Release|Any CPU.ActiveCfg = Release|Any CPU
		{B6DF64C0-91FB-4F7D-847E-48FF256F8D60}.Release|Any CPU.Build.0 = Release|Any CPU
		{B6DF64C0-91FB-4F7D-847E-48FF256F8D60}.Release|x64.ActiveCfg = Release|Any CPU
		{B6DF64C0-91FB-4F7D-847E-48FF256F8D60}.Release|x64.Build.0 = Release|Any CPU
		{B6DF64C0-91FB-4F7D-847E-48FF256F8D60}.Release|x86.ActiveCfg = Release|Any CPU
		{B6DF64C0-91FB-4F7D-847E-48FF256F8D60}.Release|x86.Build.0 = Release|Any CPU
		{6B063620-252C-498D-A4E7-AA6843DCBF20}.Debug|Any CPU.ActiveCfg = Debug|Any CPU
		{6B063620-252C-498D-A4E7-AA6843DCBF20}.Debug|Any CPU.Build.0 = Debug|Any CPU
		{6B063620-252C-498D-A4E7-AA6843DCBF20}.Debug|x64.ActiveCfg = Debug|Any CPU
		{6B063620-252C-498D-A4E7-AA6843DCBF20}.Debug|x64.Build.0 = Debug|Any CPU
		{6B063620-252C-498D-A4E7-AA6843DCBF20}.Debug|x86.ActiveCfg = Debug|Any CPU
		{6B063620-252C-498D-A4E7-AA6843DCBF20}.Debug|x86.Build.0 = Debug|Any CPU
		{6B063620-252C-498D-A4E7-AA6843DCBF20}.Release|Any CPU.ActiveCfg = Release|Any CPU
		{6B063620-252C-498D-A4E7-AA6843DCBF20}.Release|Any CPU.Build.0 = Release|Any CPU
		{6B063620-252C-498D-A4E7-AA6843DCBF20}.Release|x64.ActiveCfg = Release|Any CPU
		{6B063620-252C-498D-A4E7-AA6843DCBF20}.Release|x64.Build.0 = Release|Any CPU
		{6B063620-252C-498D-A4E7-AA6843DCBF20}.Release|x86.ActiveCfg = Release|Any CPU
		{6B063620-252C-498D-A4E7-AA6843DCBF20}.Release|x86.Build.0 = Release|Any CPU
	EndGlobalSection
EndGlobal
